
Microsoft Visual Studio Solution File, Format Version 12.00
# Visual Studio Version 17
VisualStudioVersion = 17.3.32819.101
MinimumVisualStudioVersion = 10.0.40219.1
Project("{9A19103F-16F7-4668-BE54-9A1E7A4F7556}") = "Kampintro", "Kampintro\Kampintro.csproj", "{CABE4716-0F8E-4865-A5F9-1AA2B413289F}"
EndProject
Project("{9A19103F-16F7-4668-BE54-9A1E7A4F7556}") = "Donguler", "Donguler\Donguler.csproj", "{AD7ECB8F-7C93-47E9-A0C5-DBC1AB7FCB19}"
EndProject
Project("{9A19103F-16F7-4668-BE54-9A1E7A4F7556}") = "ClassIntro", "ClassIntro\ClassIntro.csproj", "{E7D9F0FE-DB45-4C6A-9E55-F1EEA21913A6}"
EndProject
Project("{9A19103F-16F7-4668-BE54-9A1E7A4F7556}") = "Metotlar", "Metotlar\Metotlar.csproj", "{CBAB310C-9761-4026-BF88-8A99E0007F94}"
EndProject
Project("{9A19103F-16F7-4668-BE54-9A1E7A4F7556}") = "Matematik", "Matematik\Matematik.csproj", "{42BDDC0F-FEF0-44F0-B229-D038D3209709}"
EndProject
Project("{9A19103F-16F7-4668-BE54-9A1E7A4F7556}") = "DegerVeReferansTipler", "DegerVeReferansTipler\DegerVeReferansTipler.csproj", "{B88D4724-546C-4BD2-916C-B830D59810C3}"
EndProject
Project("{9A19103F-16F7-4668-BE54-9A1E7A4F7556}") = "ClassMetotDemo", "ClassMetotDemo\ClassMetotDemo.csproj", "{48E3A14D-C7B5-4758-AF53-31AC5303ED79}"
EndProject
Project("{9A19103F-16F7-4668-BE54-9A1E7A4F7556}") = "OOP1", "OOP1\OOP1.csproj", "{136C6517-ADFD-40B1-A81D-025DF154FB3C}"
EndProject
Project("{9A19103F-16F7-4668-BE54-9A1E7A4F7556}") = "Koleksiyonlar", "Koleksiyonlar\Koleksiyonlar.csproj", "{D7E8C79E-7EE4-4D93-B1AA-734D5D57E2B5}"
EndProject
Project("{9A19103F-16F7-4668-BE54-9A1E7A4F7556}") = "GenericsIntro", "GenericsIntro\GenericsIntro.csproj", "{AAF46558-E87C-4085-B038-EB467507660C}"
EndProject
Project("{9A19103F-16F7-4668-BE54-9A1E7A4F7556}") = "ConstructorsN", "ConstructorsN\ConstructorsN.csproj", "{FFC8BE9B-5F1F-4CA9-AA51-34BCBA4DD4CB}"
EndProject
Project("{9A19103F-16F7-4668-BE54-9A1E7A4F7556}") = "GenericsN", "GenericsN\GenericsN.csproj", "{798DF099-D3BF-4E8A-AF1F-15314C1FE484}"
EndProject
Project("{9A19103F-16F7-4668-BE54-9A1E7A4F7556}") = "DictionaryN", "DictionaryN\DictionaryN.csproj", "{2A13783F-FA3B-4B8F-A7D5-E2EC879558EE}"
EndProject
Project("{9A19103F-16F7-4668-BE54-9A1E7A4F7556}") = "DictionaryOdev", "DictionaryOdev\DictionaryOdev.csproj", "{7F0652C7-F07F-43E8-85A8-8DB40C261C6A}"
EndProject
Project("{FAE04EC0-301F-11D3-BF4B-00C04F79EFBC}") = "OOP2", "OOP2\OOP2.csproj", "{7EB2B198-B3DB-4ED2-A7AE-96A2CCD246BB}"
EndProject
Project("{FAE04EC0-301F-11D3-BF4B-00C04F79EFBC}") = "OOP3", "OOP3\OOP3.csproj", "{C1400CF0-2D2A-4647-AC2B-8A6882CD803C}"
EndProject
Global
	GlobalSection(SolutionConfigurationPlatforms) = preSolution
		Debug|Any CPU = Debug|Any CPU
		Release|Any CPU = Release|Any CPU
	EndGlobalSection
	GlobalSection(ProjectConfigurationPlatforms) = postSolution
		{CABE4716-0F8E-4865-A5F9-1AA2B413289F}.Debug|Any CPU.ActiveCfg = Debug|Any CPU
		{CABE4716-0F8E-4865-A5F9-1AA2B413289F}.Debug|Any CPU.Build.0 = Debug|Any CPU
		{CABE4716-0F8E-4865-A5F9-1AA2B413289F}.Release|Any CPU.ActiveCfg = Release|Any CPU
		{CABE4716-0F8E-4865-A5F9-1AA2B413289F}.Release|Any CPU.Build.0 = Release|Any CPU
		{AD7ECB8F-7C93-47E9-A0C5-DBC1AB7FCB19}.Debug|Any CPU.ActiveCfg = Debug|Any CPU
		{AD7ECB8F-7C93-47E9-A0C5-DBC1AB7FCB19}.Debug|Any CPU.Build.0 = Debug|Any CPU
		{AD7ECB8F-7C93-47E9-A0C5-DBC1AB7FCB19}.Release|Any CPU.ActiveCfg = Release|Any CPU
		{AD7ECB8F-7C93-47E9-A0C5-DBC1AB7FCB19}.Release|Any CPU.Build.0 = Release|Any CPU
		{E7D9F0FE-DB45-4C6A-9E55-F1EEA21913A6}.Debug|Any CPU.ActiveCfg = Debug|Any CPU
		{E7D9F0FE-DB45-4C6A-9E55-F1EEA21913A6}.Debug|Any CPU.Build.0 = Debug|Any CPU
		{E7D9F0FE-DB45-4C6A-9E55-F1EEA21913A6}.Release|Any CPU.ActiveCfg = Release|Any CPU
		{E7D9F0FE-DB45-4C6A-9E55-F1EEA21913A6}.Release|Any CPU.Build.0 = Release|Any CPU
		{CBAB310C-9761-4026-BF88-8A99E0007F94}.Debug|Any CPU.ActiveCfg = Debug|Any CPU
		{CBAB310C-9761-4026-BF88-8A99E0007F94}.Debug|Any CPU.Build.0 = Debug|Any CPU
		{CBAB310C-9761-4026-BF88-8A99E0007F94}.Release|Any CPU.ActiveCfg = Release|Any CPU
		{CBAB310C-9761-4026-BF88-8A99E0007F94}.Release|Any CPU.Build.0 = Release|Any CPU
		{42BDDC0F-FEF0-44F0-B229-D038D3209709}.Debug|Any CPU.ActiveCfg = Debug|Any CPU
		{42BDDC0F-FEF0-44F0-B229-D038D3209709}.Debug|Any CPU.Build.0 = Debug|Any CPU
		{42BDDC0F-FEF0-44F0-B229-D038D3209709}.Release|Any CPU.ActiveCfg = Release|Any CPU
		{42BDDC0F-FEF0-44F0-B229-D038D3209709}.Release|Any CPU.Build.0 = Release|Any CPU
		{B88D4724-546C-4BD2-916C-B830D59810C3}.Debug|Any CPU.ActiveCfg = Debug|Any CPU
		{B88D4724-546C-4BD2-916C-B830D59810C3}.Debug|Any CPU.Build.0 = Debug|Any CPU
		{B88D4724-546C-4BD2-916C-B830D59810C3}.Release|Any CPU.ActiveCfg = Release|Any CPU
		{B88D4724-546C-4BD2-916C-B830D59810C3}.Release|Any CPU.Build.0 = Release|Any CPU
		{48E3A14D-C7B5-4758-AF53-31AC5303ED79}.Debug|Any CPU.ActiveCfg = Debug|Any CPU
		{48E3A14D-C7B5-4758-AF53-31AC5303ED79}.Debug|Any CPU.Build.0 = Debug|Any CPU
		{48E3A14D-C7B5-4758-AF53-31AC5303ED79}.Release|Any CPU.ActiveCfg = Release|Any CPU
		{48E3A14D-C7B5-4758-AF53-31AC5303ED79}.Release|Any CPU.Build.0 = Release|Any CPU
		{136C6517-ADFD-40B1-A81D-025DF154FB3C}.Debug|Any CPU.ActiveCfg = Debug|Any CPU
		{136C6517-ADFD-40B1-A81D-025DF154FB3C}.Debug|Any CPU.Build.0 = Debug|Any CPU
		{136C6517-ADFD-40B1-A81D-025DF154FB3C}.Release|Any CPU.ActiveCfg = Release|Any CPU
		{136C6517-ADFD-40B1-A81D-025DF154FB3C}.Release|Any CPU.Build.0 = Release|Any CPU
		{D7E8C79E-7EE4-4D93-B1AA-734D5D57E2B5}.Debug|Any CPU.ActiveCfg = Debug|Any CPU
		{D7E8C79E-7EE4-4D93-B1AA-734D5D57E2B5}.Debug|Any CPU.Build.0 = Debug|Any CPU
		{D7E8C79E-7EE4-4D93-B1AA-734D5D57E2B5}.Release|Any CPU.ActiveCfg = Release|Any CPU
		{D7E8C79E-7EE4-4D93-B1AA-734D5D57E2B5}.Release|Any CPU.Build.0 = Release|Any CPU
		{AAF46558-E87C-4085-B038-EB467507660C}.Debug|Any CPU.ActiveCfg = Debug|Any CPU
		{AAF46558-E87C-4085-B038-EB467507660C}.Debug|Any CPU.Build.0 = Debug|Any CPU
		{AAF46558-E87C-4085-B038-EB467507660C}.Release|Any CPU.ActiveCfg = Release|Any CPU
		{AAF46558-E87C-4085-B038-EB467507660C}.Release|Any CPU.Build.0 = Release|Any CPU
		{FFC8BE9B-5F1F-4CA9-AA51-34BCBA4DD4CB}.Debug|Any CPU.ActiveCfg = Debug|Any CPU
		{FFC8BE9B-5F1F-4CA9-AA51-34BCBA4DD4CB}.Debug|Any CPU.Build.0 = Debug|Any CPU
		{FFC8BE9B-5F1F-4CA9-AA51-34BCBA4DD4CB}.Release|Any CPU.ActiveCfg = Release|Any CPU
		{FFC8BE9B-5F1F-4CA9-AA51-34BCBA4DD4CB}.Release|Any CPU.Build.0 = Release|Any CPU
		{798DF099-D3BF-4E8A-AF1F-15314C1FE484}.Debug|Any CPU.ActiveCfg = Debug|Any CPU
		{798DF099-D3BF-4E8A-AF1F-15314C1FE484}.Debug|Any CPU.Build.0 = Debug|Any CPU
		{798DF099-D3BF-4E8A-AF1F-15314C1FE484}.Release|Any CPU.ActiveCfg = Release|Any CPU
		{798DF099-D3BF-4E8A-AF1F-15314C1FE484}.Release|Any CPU.Build.0 = Release|Any CPU
		{2A13783F-FA3B-4B8F-A7D5-E2EC879558EE}.Debug|Any CPU.ActiveCfg = Debug|Any CPU
		{2A13783F-FA3B-4B8F-A7D5-E2EC879558EE}.Debug|Any CPU.Build.0 = Debug|Any CPU
		{2A13783F-FA3B-4B8F-A7D5-E2EC879558EE}.Release|Any CPU.ActiveCfg = Release|Any CPU
		{2A13783F-FA3B-4B8F-A7D5-E2EC879558EE}.Release|Any CPU.Build.0 = Release|Any CPU
		{7F0652C7-F07F-43E8-85A8-8DB40C261C6A}.Debug|Any CPU.ActiveCfg = Debug|Any CPU
		{7F0652C7-F07F-43E8-85A8-8DB40C261C6A}.Debug|Any CPU.Build.0 = Debug|Any CPU
		{7F0652C7-F07F-43E8-85A8-8DB40C261C6A}.Release|Any CPU.ActiveCfg = Release|Any CPU
		{7F0652C7-F07F-43E8-85A8-8DB40C261C6A}.Release|Any CPU.Build.0 = Release|Any CPU
		{7EB2B198-B3DB-4ED2-A7AE-96A2CCD246BB}.Debug|Any CPU.ActiveCfg = Debug|Any CPU
		{7EB2B198-B3DB-4ED2-A7AE-96A2CCD246BB}.Debug|Any CPU.Build.0 = Debug|Any CPU
		{7EB2B198-B3DB-4ED2-A7AE-96A2CCD246BB}.Release|Any CPU.ActiveCfg = Release|Any CPU
		{7EB2B198-B3DB-4ED2-A7AE-96A2CCD246BB}.Release|Any CPU.Build.0 = Release|Any CPU
		{C1400CF0-2D2A-4647-AC2B-8A6882CD803C}.Debug|Any CPU.ActiveCfg = Debug|Any CPU
		{C1400CF0-2D2A-4647-AC2B-8A6882CD803C}.Debug|Any CPU.Build.0 = Debug|Any CPU
		{C1400CF0-2D2A-4647-AC2B-8A6882CD803C}.Release|Any CPU.ActiveCfg = Release|Any CPU
		{C1400CF0-2D2A-4647-AC2B-8A6882CD803C}.Release|Any CPU.Build.0 = Release|Any CPU
	EndGlobalSection
	GlobalSection(SolutionProperties) = preSolution
		HideSolutionNode = FALSE
	EndGlobalSection
	GlobalSection(ExtensibilityGlobals) = postSolution
		SolutionGuid = {57D2B813-A121-448B-A63C-EAB0E93C9824}
	EndGlobalSection
EndGlobal
