
Microsoft Visual Studio Solution File, Format Version 12.00
# Visual Studio Version 17
VisualStudioVersion = 17.3.32819.101
MinimumVisualStudioVersion = 10.0.40219.1
Project("{9A19103F-16F7-4668-BE54-9A1E7A4F7556}") = "Kampintro", "Kampintro\Kampintro.csproj", "{CABE4716-0F8E-4865-A5F9-1AA2B413289F}"
EndProject
Project("{9A19103F-16F7-4668-BE54-9A1E7A4F7556}") = "Donguler", "Donguler\Donguler.csproj", "{AD7ECB8F-7C93-47E9-A0C5-DBC1AB7FCB19}"
EndProject
Project("{9A19103F-16F7-4668-BE54-9A1E7A4F7556}") = "ClassIntro", "ClassIntro\ClassIntro.csproj", "{E7D9F0FE-DB45-4C6A-9E55-F1EEA21913A6}"
EndProject
Project("{FAE04EC0-301F-11D3-BF4B-00C04F79EFBC}") = "Metotlar", "Metotlar\Metotlar.csproj", "{CBAB310C-9761-4026-BF88-8A99E0007F94}"
EndProject
Project("{FAE04EC0-301F-11D3-BF4B-00C04F79EFBC}") = "Matematik", "Matematik\Matematik.csproj", "{42BDDC0F-FEF0-44F0-B229-D038D3209709}"
EndProject
Project("{FAE04EC0-301F-11D3-BF4B-00C04F79EFBC}") = "DegerVeReferansTipler", "DegerVeReferansTipler\DegerVeReferansTipler.csproj", "{B88D4724-546C-4BD2-916C-B830D59810C3}"
EndProject
Global
	GlobalSection(SolutionConfigurationPlatforms) = preSolution
		Debug|Any CPU = Debug|Any CPU
		Release|Any CPU = Release|Any CPU
	EndGlobalSection
	GlobalSection(ProjectConfigurationPlatforms) = postSolution
		{CABE4716-0F8E-4865-A5F9-1AA2B413289F}.Debug|Any CPU.ActiveCfg = Debug|Any CPU
		{CABE4716-0F8E-4865-A5F9-1AA2B413289F}.Debug|Any CPU.Build.0 = Debug|Any CPU
		{CABE4716-0F8E-4865-A5F9-1AA2B413289F}.Release|Any CPU.ActiveCfg = Release|Any CPU
		{CABE4716-0F8E-4865-A5F9-1AA2B413289F}.Release|Any CPU.Build.0 = Release|Any CPU
		{AD7ECB8F-7C93-47E9-A0C5-DBC1AB7FCB19}.Debug|Any CPU.ActiveCfg = Debug|Any CPU
		{AD7ECB8F-7C93-47E9-A0C5-DBC1AB7FCB19}.Debug|Any CPU.Build.0 = Debug|Any CPU
		{AD7ECB8F-7C93-47E9-A0C5-DBC1AB7FCB19}.Release|Any CPU.ActiveCfg = Release|Any CPU
		{AD7ECB8F-7C93-47E9-A0C5-DBC1AB7FCB19}.Release|Any CPU.Build.0 = Release|Any CPU
		{E7D9F0FE-DB45-4C6A-9E55-F1EEA21913A6}.Debug|Any CPU.ActiveCfg = Debug|Any CPU
		{E7D9F0FE-DB45-4C6A-9E55-F1EEA21913A6}.Debug|Any CPU.Build.0 = Debug|Any CPU
		{E7D9F0FE-DB45-4C6A-9E55-F1EEA21913A6}.Release|Any CPU.ActiveCfg = Release|Any CPU
		{E7D9F0FE-DB45-4C6A-9E55-F1EEA21913A6}.Release|Any CPU.Build.0 = Release|Any CPU
		{CBAB310C-9761-4026-BF88-8A99E0007F94}.Debug|Any CPU.ActiveCfg = Debug|Any CPU
		{CBAB310C-9761-4026-BF88-8A99E0007F94}.Debug|Any CPU.Build.0 = Debug|Any CPU
		{CBAB310C-9761-4026-BF88-8A99E0007F94}.Release|Any CPU.ActiveCfg = Release|Any CPU
		{CBAB310C-9761-4026-BF88-8A99E0007F94}.Release|Any CPU.Build.0 = Release|Any CPU
		{42BDDC0F-FEF0-44F0-B229-D038D3209709}.Debug|Any CPU.ActiveCfg = Debug|Any CPU
		{42BDDC0F-FEF0-44F0-B229-D038D3209709}.Debug|Any CPU.Build.0 = Debug|Any CPU
		{42BDDC0F-FEF0-44F0-B229-D038D3209709}.Release|Any CPU.ActiveCfg = Release|Any CPU
		{42BDDC0F-FEF0-44F0-B229-D038D3209709}.Release|Any CPU.Build.0 = Release|Any CPU
		{B88D4724-546C-4BD2-916C-B830D59810C3}.Debug|Any CPU.ActiveCfg = Debug|Any CPU
		{B88D4724-546C-4BD2-916C-B830D59810C3}.Debug|Any CPU.Build.0 = Debug|Any CPU
		{B88D4724-546C-4BD2-916C-B830D59810C3}.Release|Any CPU.ActiveCfg = Release|Any CPU
		{B88D4724-546C-4BD2-916C-B830D59810C3}.Release|Any CPU.Build.0 = Release|Any CPU
	EndGlobalSection
	GlobalSection(SolutionProperties) = preSolution
		HideSolutionNode = FALSE
	EndGlobalSection
	GlobalSection(ExtensibilityGlobals) = postSolution
		SolutionGuid = {57D2B813-A121-448B-A63C-EAB0E93C9824}
	EndGlobalSection
EndGlobal
